
Microsoft Visual Studio Solution File, Format Version 12.00
# Visual Studio Version 17
VisualStudioVersion = 17.14.36414.22 d17.14
MinimumVisualStudioVersion = 10.0.40219.1
Project("{FAE04EC0-301F-11D3-BF4B-00C04F79EFBC}") = "SomaliskDanskForening-Lib", "SomaliskDanskForening-Lib\SomaliskDanskForening-Lib.csproj", "{044292C7-F73A-49F0-82EC-CC4128E14A95}"
EndProject
Project("{FAE04EC0-301F-11D3-BF4B-00C04F79EFBC}") = "SomaliskDanskForening-API", "SomaliskDanskForening-API\SomaliskDanskForening-API.csproj", "{45BE7042-4D98-4356-B934-B603671F6848}"
EndProject
Project("{FAE04EC0-301F-11D3-BF4B-00C04F79EFBC}") = "SomaliskDanskForening-Test", "SomaliskDanskForening-Test\SomaliskDanskForening-Test.csproj", "{83F51372-29A6-48D3-B146-29414C54F582}"
EndProject
Global
	GlobalSection(SolutionConfigurationPlatforms) = preSolution
		Debug|Any CPU = Debug|Any CPU
		Release|Any CPU = Release|Any CPU
	EndGlobalSection
	GlobalSection(ProjectConfigurationPlatforms) = postSolution
		{044292C7-F73A-49F0-82EC-CC4128E14A95}.Debug|Any CPU.ActiveCfg = Debug|Any CPU
		{044292C7-F73A-49F0-82EC-CC4128E14A95}.Debug|Any CPU.Build.0 = Debug|Any CPU
		{044292C7-F73A-49F0-82EC-CC4128E14A95}.Release|Any CPU.ActiveCfg = Release|Any CPU
		{044292C7-F73A-49F0-82EC-CC4128E14A95}.Release|Any CPU.Build.0 = Release|Any CPU
		{45BE7042-4D98-4356-B934-B603671F6848}.Debug|Any CPU.ActiveCfg = Debug|Any CPU
		{45BE7042-4D98-4356-B934-B603671F6848}.Debug|Any CPU.Build.0 = Debug|Any CPU
		{45BE7042-4D98-4356-B934-B603671F6848}.Release|Any CPU.ActiveCfg = Release|Any CPU
		{45BE7042-4D98-4356-B934-B603671F6848}.Release|Any CPU.Build.0 = Release|Any CPU
		{83F51372-29A6-48D3-B146-29414C54F582}.Debug|Any CPU.ActiveCfg = Debug|Any CPU
		{83F51372-29A6-48D3-B146-29414C54F582}.Debug|Any CPU.Build.0 = Debug|Any CPU
		{83F51372-29A6-48D3-B146-29414C54F582}.Release|Any CPU.ActiveCfg = Release|Any CPU
		{83F51372-29A6-48D3-B146-29414C54F582}.Release|Any CPU.Build.0 = Release|Any CPU
	EndGlobalSection
	GlobalSection(SolutionProperties) = preSolution
		HideSolutionNode = FALSE
	EndGlobalSection
	GlobalSection(ExtensibilityGlobals) = postSolution
		SolutionGuid = {88DE1FB9-A494-4DA8-99BD-0359AA72647B}
	EndGlobalSection
EndGlobal
